
Microsoft Visual Studio Solution File, Format Version 12.00
# TcXaeShell Solution File, Format Version 11.00
VisualStudioVersion = 15.0.33403.129
MinimumVisualStudioVersion = 10.0.40219.1
Project("{DFBE7525-6864-4E62-8B2E-D530D69D9D96}") = "Manroland_Drive_Communication", "Pecom_Drive_Lib\Manroland_Drive_Communication.tspproj", "{4C5D837D-EF9B-4226-B777-7EFE341E7705}"
EndProject
Global
	GlobalSection(SolutionConfigurationPlatforms) = preSolution
		Debug|TwinCAT CE7 (ARMV7) = Debug|TwinCAT CE7 (ARMV7)
		Debug|TwinCAT OS (ARMT2) = Debug|TwinCAT OS (ARMT2)
		Debug|TwinCAT RT (x64) = Debug|TwinCAT RT (x64)
		Debug|TwinCAT RT (x86) = Debug|TwinCAT RT (x86)
		Release|TwinCAT CE7 (ARMV7) = Release|TwinCAT CE7 (ARMV7)
		Release|TwinCAT OS (ARMT2) = Release|TwinCAT OS (ARMT2)
		Release|TwinCAT RT (x64) = Release|TwinCAT RT (x64)
		Release|TwinCAT RT (x86) = Release|TwinCAT RT (x86)
	EndGlobalSection
	GlobalSection(ProjectConfigurationPlatforms) = postSolution
		{4C5D837D-EF9B-4226-B777-7EFE341E7705}.Debug|TwinCAT CE7 (ARMV7).ActiveCfg = Debug|TwinCAT CE7 (ARMV7)
		{4C5D837D-EF9B-4226-B777-7EFE341E7705}.Debug|TwinCAT CE7 (ARMV7).Build.0 = Debug|TwinCAT CE7 (ARMV7)
		{4C5D837D-EF9B-4226-B777-7EFE341E7705}.Debug|TwinCAT OS (ARMT2).ActiveCfg = Debug|TwinCAT OS (ARMT2)
		{4C5D837D-EF9B-4226-B777-7EFE341E7705}.Debug|TwinCAT OS (ARMT2).Build.0 = Debug|TwinCAT OS (ARMT2)
		{4C5D837D-EF9B-4226-B777-7EFE341E7705}.Debug|TwinCAT RT (x64).ActiveCfg = Debug|TwinCAT RT (x64)
		{4C5D837D-EF9B-4226-B777-7EFE341E7705}.Debug|TwinCAT RT (x64).Build.0 = Debug|TwinCAT RT (x64)
		{4C5D837D-EF9B-4226-B777-7EFE341E7705}.Debug|TwinCAT RT (x86).ActiveCfg = Debug|TwinCAT RT (x86)
		{4C5D837D-EF9B-4226-B777-7EFE341E7705}.Debug|TwinCAT RT (x86).Build.0 = Debug|TwinCAT RT (x86)
		{4C5D837D-EF9B-4226-B777-7EFE341E7705}.Release|TwinCAT CE7 (ARMV7).ActiveCfg = Release|TwinCAT CE7 (ARMV7)
		{4C5D837D-EF9B-4226-B777-7EFE341E7705}.Release|TwinCAT CE7 (ARMV7).Build.0 = Release|TwinCAT CE7 (ARMV7)
		{4C5D837D-EF9B-4226-B777-7EFE341E7705}.Release|TwinCAT OS (ARMT2).ActiveCfg = Release|TwinCAT OS (ARMT2)
		{4C5D837D-EF9B-4226-B777-7EFE341E7705}.Release|TwinCAT OS (ARMT2).Build.0 = Release|TwinCAT OS (ARMT2)
		{4C5D837D-EF9B-4226-B777-7EFE341E7705}.Release|TwinCAT RT (x64).ActiveCfg = Release|TwinCAT RT (x64)
		{4C5D837D-EF9B-4226-B777-7EFE341E7705}.Release|TwinCAT RT (x64).Build.0 = Release|TwinCAT RT (x64)
		{4C5D837D-EF9B-4226-B777-7EFE341E7705}.Release|TwinCAT RT (x86).ActiveCfg = Release|TwinCAT RT (x86)
		{4C5D837D-EF9B-4226-B777-7EFE341E7705}.Release|TwinCAT RT (x86).Build.0 = Release|TwinCAT RT (x86)
		{DE02981F-C904-45C7-B6F4-E450441D2369}.Debug|TwinCAT CE7 (ARMV7).ActiveCfg = Debug|TwinCAT CE7 (ARMV7)
		{DE02981F-C904-45C7-B6F4-E450441D2369}.Debug|TwinCAT CE7 (ARMV7).Build.0 = Debug|TwinCAT CE7 (ARMV7)
		{DE02981F-C904-45C7-B6F4-E450441D2369}.Debug|TwinCAT OS (ARMT2).ActiveCfg = Debug|TwinCAT OS (ARMT2)
		{DE02981F-C904-45C7-B6F4-E450441D2369}.Debug|TwinCAT OS (ARMT2).Build.0 = Debug|TwinCAT OS (ARMT2)
		{DE02981F-C904-45C7-B6F4-E450441D2369}.Debug|TwinCAT RT (x64).ActiveCfg = Debug|TwinCAT RT (x64)
		{DE02981F-C904-45C7-B6F4-E450441D2369}.Debug|TwinCAT RT (x64).Build.0 = Debug|TwinCAT RT (x64)
		{DE02981F-C904-45C7-B6F4-E450441D2369}.Debug|TwinCAT RT (x86).ActiveCfg = Debug|TwinCAT RT (x86)
		{DE02981F-C904-45C7-B6F4-E450441D2369}.Debug|TwinCAT RT (x86).Build.0 = Debug|TwinCAT RT (x86)
		{DE02981F-C904-45C7-B6F4-E450441D2369}.Release|TwinCAT CE7 (ARMV7).ActiveCfg = Release|TwinCAT CE7 (ARMV7)
		{DE02981F-C904-45C7-B6F4-E450441D2369}.Release|TwinCAT CE7 (ARMV7).Build.0 = Release|TwinCAT CE7 (ARMV7)
		{DE02981F-C904-45C7-B6F4-E450441D2369}.Release|TwinCAT OS (ARMT2).ActiveCfg = Release|TwinCAT OS (ARMT2)
		{DE02981F-C904-45C7-B6F4-E450441D2369}.Release|TwinCAT OS (ARMT2).Build.0 = Release|TwinCAT OS (ARMT2)
		{DE02981F-C904-45C7-B6F4-E450441D2369}.Release|TwinCAT RT (x64).ActiveCfg = Release|TwinCAT RT (x64)
		{DE02981F-C904-45C7-B6F4-E450441D2369}.Release|TwinCAT RT (x64).Build.0 = Release|TwinCAT RT (x64)
		{DE02981F-C904-45C7-B6F4-E450441D2369}.Release|TwinCAT RT (x86).ActiveCfg = Release|TwinCAT RT (x86)
		{DE02981F-C904-45C7-B6F4-E450441D2369}.Release|TwinCAT RT (x86).Build.0 = Release|TwinCAT RT (x86)
	EndGlobalSection
	GlobalSection(SolutionProperties) = preSolution
		HideSolutionNode = FALSE
	EndGlobalSection
	GlobalSection(ExtensibilityGlobals) = postSolution
		SolutionGuid = {3FDD18A6-AD0A-4DB9-8705-CE57BE04FF54}
	EndGlobalSection
EndGlobal
